
Microsoft Visual Studio Solution File, Format Version 12.00
# Visual Studio Version 16
VisualStudioVersion = 16.0.31729.503
MinimumVisualStudioVersion = 10.0.40219.1
Project("{8BC9CEB8-8B4A-11D0-8D11-00A0C91BC942}") = "Engine Management System", "Engine Management System\Engine Management System.vcxproj", "{4CCB145C-D30E-47CC-A30A-A66DBC404407}"
EndProject
Global
	GlobalSection(SolutionConfigurationPlatforms) = preSolution
		Debug|x64 = Debug|x64
		Debug|x86 = Debug|x86
		Release|x64 = Release|x64
		Release|x86 = Release|x86
	EndGlobalSection
	GlobalSection(ProjectConfigurationPlatforms) = postSolution
		{4CCB145C-D30E-47CC-A30A-A66DBC404407}.Debug|x64.ActiveCfg = Debug|x64
		{4CCB145C-D30E-47CC-A30A-A66DBC404407}.Debug|x64.Build.0 = Debug|x64
		{4CCB145C-D30E-47CC-A30A-A66DBC404407}.Debug|x86.ActiveCfg = Debug|Win32
		{4CCB145C-D30E-47CC-A30A-A66DBC404407}.Debug|x86.Build.0 = Debug|Win32
		{4CCB145C-D30E-47CC-A30A-A66DBC404407}.Release|x64.ActiveCfg = Release|x64
		{4CCB145C-D30E-47CC-A30A-A66DBC404407}.Release|x64.Build.0 = Release|x64
		{4CCB145C-D30E-47CC-A30A-A66DBC404407}.Release|x86.ActiveCfg = Release|Win32
		{4CCB145C-D30E-47CC-A30A-A66DBC404407}.Release|x86.Build.0 = Release|Win32
	EndGlobalSection
	GlobalSection(SolutionProperties) = preSolution
		HideSolutionNode = FALSE
	EndGlobalSection
	GlobalSection(ExtensibilityGlobals) = postSolution
		SolutionGuid = {BE5225AD-6BF9-451F-AD54-683C4359D68A}
	EndGlobalSection
EndGlobal
